#MicroXplorer Configuration settings - do not modify
CAD.formats=
CAD.pinconfig=
CAD.provider=
CORTEX_M7.CPU_DCache=Enabled
CORTEX_M7.CPU_ICache=Enabled
CORTEX_M7.IPParameters=CPU_DCache,CPU_ICache
File.Version=6
GPIO.groupedBy=Group By Peripherals
I2C1.IPParameters=Timing
I2C1.Timing=0x20B0B3FF
I2C2.IPParameters=Timing
I2C2.Timing=0x20B0B3FF
KeepUserPlacement=false
Mcu.CPN=STM32H723ZGT6
Mcu.Family=STM32H7
Mcu.IP0=CORTEX_M7
Mcu.IP1=DCMI
Mcu.IP2=I2C1
Mcu.IP3=I2C2
Mcu.IP4=NVIC
Mcu.IP5=OCTOSPI1
Mcu.IP6=OCTOSPI2
Mcu.IP7=RCC
Mcu.IP8=USART1
Mcu.IPNb=9
Mcu.Name=STM32H723ZGTx
Mcu.Package=LQFP144
Mcu.Pin0=PE4
Mcu.Pin1=PE5
Mcu.Pin10=PF8
Mcu.Pin11=PF9
Mcu.Pin12=PF10
Mcu.Pin13=PH0-OSC_IN
Mcu.Pin14=PH1-OSC_OUT
Mcu.Pin15=PC3_C
Mcu.Pin16=PA1
Mcu.Pin17=PA2
Mcu.Pin18=PA4
Mcu.Pin19=PA6
Mcu.Pin2=PE6
Mcu.Pin20=PE7
Mcu.Pin21=PE8
Mcu.Pin22=PE10
Mcu.Pin23=PB10
Mcu.Pin24=PB11
Mcu.Pin25=PB13
Mcu.Pin26=PB14
Mcu.Pin27=PB15
Mcu.Pin28=PD13
Mcu.Pin29=PG5
Mcu.Pin3=PF0
Mcu.Pin30=PG6
Mcu.Pin31=PC6
Mcu.Pin32=PC7
Mcu.Pin33=PC9
Mcu.Pin34=PC10
Mcu.Pin35=PC12
Mcu.Pin36=PD3
Mcu.Pin37=PG9
Mcu.Pin38=PG12
Mcu.Pin39=PB6
Mcu.Pin4=PF1
Mcu.Pin40=PB7
Mcu.Pin41=VP_OCTOSPI1_VS_octo
Mcu.Pin42=VP_OCTOSPI2_VS_quad
Mcu.Pin5=PF2
Mcu.Pin6=PF3
Mcu.Pin7=PF4
Mcu.Pin8=PF6
Mcu.Pin9=PF7
Mcu.PinsNb=43
Mcu.ThirdPartyNb=0
Mcu.UserConstants=
Mcu.UserName=STM32H723ZGTx
MxCube.Version=6.9.0
MxDb.Version=DB.6.0.90
NVIC.BusFault_IRQn=true\:0\:0\:false\:false\:true\:false\:false\:false
NVIC.DebugMonitor_IRQn=true\:0\:0\:false\:false\:true\:false\:false\:false
NVIC.ForceEnableDMAVector=true
NVIC.HardFault_IRQn=true\:0\:0\:false\:false\:true\:false\:false\:false
NVIC.MemoryManagement_IRQn=true\:0\:0\:false\:false\:true\:false\:false\:false
NVIC.NonMaskableInt_IRQn=true\:0\:0\:false\:false\:true\:false\:false\:false
NVIC.OCTOSPI2_IRQn=true\:0\:0\:false\:false\:true\:true\:true\:true
NVIC.PendSV_IRQn=true\:0\:0\:false\:false\:true\:false\:false\:false
NVIC.PriorityGroup=NVIC_PRIORITYGROUP_4
NVIC.SVCall_IRQn=true\:0\:0\:false\:false\:true\:false\:false\:false
NVIC.SysTick_IRQn=true\:15\:0\:false\:false\:true\:false\:true\:false
NVIC.UsageFault_IRQn=true\:0\:0\:false\:false\:true\:false\:false\:false
OCTOSPI1.ChipSelectBoundary=0
OCTOSPI1.ChipSelectHighTime=1
OCTOSPI1.ClockMode=HAL_OSPI_CLOCK_MODE_0
OCTOSPI1.ClockPrescaler=4
OCTOSPI1.DelayBlockBypass=HAL_OSPI_DELAY_BLOCK_USED
OCTOSPI1.DelayHoldQuarterCycle=HAL_OSPI_DHQC_ENABLE
OCTOSPI1.DeviceSize=27
OCTOSPI1.IPParameters=ClockPrescaler,DelayHoldQuarterCycle,ChipSelectBoundary,Refresh,MemoryType,DeviceSize,DelayBlockBypass,MaxTran,WrapSize,ClockMode,SampleShifting,ChipSelectHighTime
OCTOSPI1.MaxTran=0
OCTOSPI1.MemoryType=HAL_OSPI_MEMTYPE_APMEMORY
OCTOSPI1.Refresh=0
OCTOSPI1.SampleShifting=HAL_OSPI_SAMPLE_SHIFTING_NONE
OCTOSPI1.WrapSize=HAL_OSPI_WRAP_NOT_SUPPORTED
OCTOSPI2.ClockPrescaler=8
OCTOSPI2.DelayBlockBypass=HAL_OSPI_DELAY_BLOCK_USED
OCTOSPI2.DeviceSize=30
OCTOSPI2.IPParameters=ClockPrescaler,DeviceSize,DelayBlockBypass
PA1.Mode=OCTOSPI1_Port1_DQS
PA1.Signal=OCTOSPIM_P1_DQS
PA2.GPIOParameters=GPIO_PuPd
PA2.GPIO_PuPd=GPIO_PULLUP
PA2.Locked=true
PA2.Signal=GPIO_Input
PA4.Mode=Slave_10_bits_External_Synchro
PA4.Signal=DCMI_HSYNC
PA6.Mode=Slave_10_bits_External_Synchro
PA6.Signal=DCMI_PIXCLK
PB10.Locked=true
PB10.Mode=I2C
PB10.Signal=I2C2_SCL
PB11.Locked=true
PB11.Mode=I2C
PB11.Signal=I2C2_SDA
PB13.Mode=Slave_10_bits_External_Synchro
PB13.Signal=DCMI_D2
PB14.Mode=Asynchronous
PB14.Signal=USART1_TX
PB15.Mode=Asynchronous
PB15.Signal=USART1_RX
PB6.Mode=I2C
PB6.Signal=I2C1_SCL
PB7.Mode=I2C
PB7.Signal=I2C1_SDA
PC10.Mode=Slave_10_bits_External_Synchro
PC10.Signal=DCMI_D8
PC12.Mode=Slave_10_bits_External_Synchro
PC12.Signal=DCMI_D9
PC3_C.Mode=OCTOSPI1_IOH_Port1H
PC3_C.Signal=OCTOSPIM_P1_IO6
PC6.Mode=Slave_10_bits_External_Synchro
PC6.Signal=DCMI_D0
PC7.Mode=Slave_10_bits_External_Synchro
PC7.Signal=DCMI_D1
PC9.Mode=Slave_10_bits_External_Synchro
PC9.Signal=DCMI_D3
PD13.GPIOParameters=PinState,GPIO_PuPd,GPIO_ModeDefaultOutputPP
PD13.GPIO_ModeDefaultOutputPP=GPIO_MODE_OUTPUT_PP
PD13.GPIO_PuPd=GPIO_PULLUP
PD13.Locked=true
PD13.PinState=GPIO_PIN_SET
PD13.Signal=GPIO_Output
PD3.Mode=Slave_10_bits_External_Synchro
PD3.Signal=DCMI_D5
PE10.Mode=OCTOSPI1_IOH_Port1H
PE10.Signal=OCTOSPIM_P1_IO7
PE4.Mode=Slave_10_bits_External_Synchro
PE4.Signal=DCMI_D4
PE5.Mode=Slave_10_bits_External_Synchro
PE5.Signal=DCMI_D6
PE6.Mode=Slave_10_bits_External_Synchro
PE6.Signal=DCMI_D7
PE7.Locked=true
PE7.Mode=OCTOSPI1_IOH_Port1H
PE7.Signal=OCTOSPIM_P1_IO4
PE8.Locked=true
PE8.Mode=OCTOSPI1_IOH_Port1H
PE8.Signal=OCTOSPIM_P1_IO5
PF0.Mode=OCTOSPI2_IOL_Port2L
PF0.Signal=OCTOSPIM_P2_IO0
PF1.Mode=OCTOSPI2_IOL_Port2L
PF1.Signal=OCTOSPIM_P2_IO1
PF10.Mode=O1_P1_CLK
PF10.Signal=OCTOSPIM_P1_CLK
PF2.Mode=OCTOSPI2_IOL_Port2L
PF2.Signal=OCTOSPIM_P2_IO2
PF3.Mode=OCTOSPI2_IOL_Port2L
PF3.Signal=OCTOSPIM_P2_IO3
PF4.Mode=O2_P2_CLK
PF4.Signal=OCTOSPIM_P2_CLK
PF6.Mode=OCTOSPI1_IOL_Port1L
PF6.Signal=OCTOSPIM_P1_IO3
PF7.Locked=true
PF7.Mode=OCTOSPI1_IOL_Port1L
PF7.Signal=OCTOSPIM_P1_IO2
PF8.Mode=OCTOSPI1_IOL_Port1L
PF8.Signal=OCTOSPIM_P1_IO0
PF9.Mode=OCTOSPI1_IOL_Port1L
PF9.Signal=OCTOSPIM_P1_IO1
PG12.Mode=OCTOSPI2_Port2_NCS
PG12.Signal=OCTOSPIM_P2_NCS
PG5.GPIOParameters=GPIO_PuPd
PG5.GPIO_PuPd=GPIO_PULLUP
PG5.Locked=true
PG5.Signal=GPIO_Output
PG6.GPIOParameters=GPIO_PuPd
PG6.GPIO_PuPd=GPIO_PULLUP
PG6.Locked=true
PG6.Mode=OCTOSPI1_Port1_NCS
PG6.Signal=OCTOSPIM_P1_NCS
PG9.Mode=Slave_10_bits_External_Synchro
PG9.Signal=DCMI_VSYNC
PH0-OSC_IN.Mode=HSE-External-Oscillator
PH0-OSC_IN.Signal=RCC_OSC_IN
PH1-OSC_OUT.Mode=HSE-External-Oscillator
PH1-OSC_OUT.Signal=RCC_OSC_OUT
PinOutPanel.RotationAngle=0
ProjectManager.AskForMigrate=true
ProjectManager.BackupPrevious=false
ProjectManager.CompilerOptimize=6
ProjectManager.ComputerToolchain=false
ProjectManager.CoupleFile=true
ProjectManager.CustomerFirmwarePackage=
ProjectManager.DefaultFWLocation=true
ProjectManager.DeletePrevious=true
ProjectManager.DeviceId=STM32H723ZGTx
ProjectManager.FirmwarePackage=STM32Cube FW_H7 V1.11.0
ProjectManager.FreePins=false
ProjectManager.HalAssertFull=false
ProjectManager.HeapSize=0x200
ProjectManager.KeepUserCode=true
ProjectManager.LastFirmware=true
ProjectManager.LibraryCopy=1
ProjectManager.MainLocation=Core/Src
ProjectManager.NoMain=false
ProjectManager.PreviousToolchain=
ProjectManager.ProjectBuild=false
ProjectManager.ProjectFileName=devBoardTest.ioc
ProjectManager.ProjectName=devBoardTest
ProjectManager.ProjectStructure=
ProjectManager.RegisterCallBack=
ProjectManager.StackSize=0x400
ProjectManager.TargetToolchain=STM32CubeIDE
ProjectManager.ToolChainLocation=
ProjectManager.UAScriptAfterPath=
ProjectManager.UAScriptBeforePath=
ProjectManager.UnderRoot=true
ProjectManager.functionlistsort=1-SystemClock_Config-RCC-false-HAL-false,2-MX_GPIO_Init-GPIO-false-HAL-true,3-MX_USART1_UART_Init-USART1-false-HAL-true,4-MX_DCMI_Init-DCMI-false-HAL-true,5-MX_I2C1_Init-I2C1-false-HAL-true,6-MX_I2C2_Init-I2C2-false-HAL-true,7-MX_OCTOSPI1_Init-OCTOSPI1-false-HAL-true,8-MX_OCTOSPI2_Init-OCTOSPI2-false-HAL-true,0-MX_CORTEX_M7_Init-CORTEX_M7-false-HAL-true
RCC.ADCFreq_Value=75000000
RCC.AHB12Freq_Value=264843750
RCC.AHB4Freq_Value=264843750
RCC.APB1Freq_Value=132421875
RCC.APB2Freq_Value=132421875
RCC.APB3Freq_Value=132421875
RCC.APB4Freq_Value=132421875
RCC.AXIClockFreq_Value=264843750
RCC.CECFreq_Value=32000
RCC.CKPERFreq_Value=64000000
RCC.CortexFreq_Value=529687500
RCC.CpuClockFreq_Value=529687500
RCC.D1CPREFreq_Value=529687500
RCC.D1PPRE=RCC_APB3_DIV2
RCC.D2PPRE1=RCC_APB1_DIV2
RCC.D2PPRE2=RCC_APB2_DIV2
RCC.D3PPRE=RCC_APB4_DIV2
RCC.DFSDMACLkFreq_Value=264843750
RCC.DFSDMFreq_Value=132421875
RCC.DIVM1=4
RCC.DIVM2=4
RCC.DIVN1=42
RCC.DIVN2=12
RCC.DIVP1=1
RCC.DIVP1Freq_Value=529687500
RCC.DIVP2Freq_Value=75000000
RCC.DIVP3Freq_Value=100781250
RCC.DIVQ1Freq_Value=264843750
RCC.DIVQ2=1
RCC.DIVQ2Freq_Value=150000000
RCC.DIVQ3Freq_Value=100781250
RCC.DIVR1Freq_Value=264843750
RCC.DIVR2Freq_Value=75000000
RCC.DIVR3Freq_Value=100781250
RCC.FDCANFreq_Value=264843750
RCC.FMCFreq_Value=264843750
RCC.FamilyName=M
RCC.HCLK3ClockFreq_Value=264843750
RCC.HCLKFreq_Value=264843750
RCC.HPRE=RCC_HCLK_DIV2
RCC.HSE_VALUE=50000000
RCC.I2C123Freq_Value=132421875
RCC.I2C4Freq_Value=132421875
RCC.IPParameters=ADCFreq_Value,AHB12Freq_Value,AHB4Freq_Value,APB1Freq_Value,APB2Freq_Value,APB3Freq_Value,APB4Freq_Value,AXIClockFreq_Value,CECFreq_Value,CKPERFreq_Value,CortexFreq_Value,CpuClockFreq_Value,D1CPREFreq_Value,D1PPRE,D2PPRE1,D2PPRE2,D3PPRE,DFSDMACLkFreq_Value,DFSDMFreq_Value,DIVM1,DIVM2,DIVN1,DIVN2,DIVP1,DIVP1Freq_Value,DIVP2Freq_Value,DIVP3Freq_Value,DIVQ1Freq_Value,DIVQ2,DIVQ2Freq_Value,DIVQ3Freq_Value,DIVR1Freq_Value,DIVR2Freq_Value,DIVR3Freq_Value,FDCANFreq_Value,FMCFreq_Value,FamilyName,HCLK3ClockFreq_Value,HCLKFreq_Value,HPRE,HSE_VALUE,I2C123Freq_Value,I2C4Freq_Value,LPTIM1Freq_Value,LPTIM2Freq_Value,LPTIM345Freq_Value,LPUART1Freq_Value,LTDCFreq_Value,MCO1PinFreq_Value,MCO2PinFreq_Value,PLL2FRACN,PLL3FRACN,PLLFRACN,PLLSourceVirtual,QSPICLockSelection,QSPIFreq_Value,RNGFreq_Value,RTCFreq_Value,SAI1Freq_Value,SAI4AFreq_Value,SAI4BFreq_Value,SDMMCFreq_Value,SPDIFRXFreq_Value,SPI123Freq_Value,SPI45Freq_Value,SPI6Freq_Value,SWPMI1Freq_Value,SYSCLKFreq_VALUE,SYSCLKSource,Tim1OutputFreq_Value,Tim2OutputFreq_Value,TraceFreq_Value,USART16Freq_Value,USART234578Freq_Value,USBFreq_Value,VCO1OutputFreq_Value,VCO2OutputFreq_Value,VCO3OutputFreq_Value,VCOInput1Freq_Value,VCOInput2Freq_Value,VCOInput3Freq_Value
RCC.LPTIM1Freq_Value=132421875
RCC.LPTIM2Freq_Value=132421875
RCC.LPTIM345Freq_Value=132421875
RCC.LPUART1Freq_Value=132421875
RCC.LTDCFreq_Value=100781250
RCC.MCO1PinFreq_Value=64000000
RCC.MCO2PinFreq_Value=529687500
RCC.PLL2FRACN=0
RCC.PLL3FRACN=0
RCC.PLLFRACN=3072
RCC.PLLSourceVirtual=RCC_PLLSOURCE_HSE
RCC.QSPICLockSelection=RCC_OSPICLKSOURCE_CLKP
RCC.QSPIFreq_Value=64000000
RCC.RNGFreq_Value=48000000
RCC.RTCFreq_Value=32000
RCC.SAI1Freq_Value=264843750
RCC.SAI4AFreq_Value=264843750
RCC.SAI4BFreq_Value=264843750
RCC.SDMMCFreq_Value=264843750
RCC.SPDIFRXFreq_Value=264843750
RCC.SPI123Freq_Value=264843750
RCC.SPI45Freq_Value=132421875
RCC.SPI6Freq_Value=132421875
RCC.SWPMI1Freq_Value=132421875
RCC.SYSCLKFreq_VALUE=529687500
RCC.SYSCLKSource=RCC_SYSCLKSOURCE_PLLCLK
RCC.Tim1OutputFreq_Value=264843750
RCC.Tim2OutputFreq_Value=264843750
RCC.TraceFreq_Value=64000000
RCC.USART16Freq_Value=132421875
RCC.USART234578Freq_Value=132421875
RCC.USBFreq_Value=264843750
RCC.VCO1OutputFreq_Value=529687500
RCC.VCO2OutputFreq_Value=150000000
RCC.VCO3OutputFreq_Value=201562500
RCC.VCOInput1Freq_Value=12500000
RCC.VCOInput2Freq_Value=12500000
RCC.VCOInput3Freq_Value=1562500
USART1.IPParameters=VirtualMode-Asynchronous
USART1.VirtualMode-Asynchronous=VM_ASYNC
VP_OCTOSPI1_VS_octo.Mode=octo_mode
VP_OCTOSPI1_VS_octo.Signal=OCTOSPI1_VS_octo
VP_OCTOSPI2_VS_quad.Mode=quad_mode
VP_OCTOSPI2_VS_quad.Signal=OCTOSPI2_VS_quad
board=custom
isbadioc=false
